
Microsoft Visual Studio Solution File, Format Version 12.00
# Visual Studio Version 16
VisualStudioVersion = 16.0.30907.101
MinimumVisualStudioVersion = 10.0.40219.1
Project("{FAE04EC0-301F-11D3-BF4B-00C04F79EFBC}") = "JsonNetworking", "JsonNetworking\JsonNetworking.csproj", "{AAFC964A-9E4F-4DB0-9A21-690D0D88F798}"
EndProject
Global
	GlobalSection(SolutionConfigurationPlatforms) = preSolution
		Debug|Any CPU = Debug|Any CPU
		Release|Any CPU = Release|Any CPU
	EndGlobalSection
	GlobalSection(ProjectConfigurationPlatforms) = postSolution
		{AAFC964A-9E4F-4DB0-9A21-690D0D88F798}.Debug|Any CPU.ActiveCfg = Debug|Any CPU
		{AAFC964A-9E4F-4DB0-9A21-690D0D88F798}.Debug|Any CPU.Build.0 = Debug|Any CPU
		{AAFC964A-9E4F-4DB0-9A21-690D0D88F798}.Release|Any CPU.ActiveCfg = Release|Any CPU
		{AAFC964A-9E4F-4DB0-9A21-690D0D88F798}.Release|Any CPU.Build.0 = Release|Any CPU
	EndGlobalSection
	GlobalSection(SolutionProperties) = preSolution
		HideSolutionNode = FALSE
	EndGlobalSection
	GlobalSection(ExtensibilityGlobals) = postSolution
		SolutionGuid = {8F537123-F03E-4361-9F0D-77E299B3879D}
	EndGlobalSection
EndGlobal
